
Microsoft Visual Studio Solution File, Format Version 12.00
# Visual Studio Version 16
VisualStudioVersion = 16.0.31402.337
MinimumVisualStudioVersion = 10.0.40219.1
Project("{FAE04EC0-301F-11D3-BF4B-00C04F79EFBC}") = "VLC Media Player", "VLC Media Player\VLC Media Player.csproj", "{EA0E362A-E038-4A09-BA59-08E2F2F0E63C}"
EndProject
Global
	GlobalSection(SolutionConfigurationPlatforms) = preSolution
		Debug|Any CPU = Debug|Any CPU
		Release|Any CPU = Release|Any CPU
	EndGlobalSection
	GlobalSection(ProjectConfigurationPlatforms) = postSolution
		{EA0E362A-E038-4A09-BA59-08E2F2F0E63C}.Debug|Any CPU.ActiveCfg = Debug|Any CPU
		{EA0E362A-E038-4A09-BA59-08E2F2F0E63C}.Debug|Any CPU.Build.0 = Debug|Any CPU
		{EA0E362A-E038-4A09-BA59-08E2F2F0E63C}.Release|Any CPU.ActiveCfg = Release|Any CPU
		{EA0E362A-E038-4A09-BA59-08E2F2F0E63C}.Release|Any CPU.Build.0 = Release|Any CPU
	EndGlobalSection
	GlobalSection(SolutionProperties) = preSolution
		HideSolutionNode = FALSE
	EndGlobalSection
	GlobalSection(ExtensibilityGlobals) = postSolution
		SolutionGuid = {5F6BDF5F-DE3B-4891-B9AF-A94B294283E5}
	EndGlobalSection
EndGlobal
